{
  "name": "@trexsql/ext",
  "version": "1.0.0",
  "lockfileVersion": 3,
  "requires": true,
  "packages": {
    "": {
      "name": "@trexsql/ext",
      "version": "1.0.0",
      "dependencies": {
        "@trex/ai": "latest",
        "@trex/as": "latest",
        "@trex/chdb": "latest",
        "@trex/circe": "latest",
        "@trex/cql2elm": "latest",
        "@trex/db": "latest",
        "@trex/etl": "latest",
        "@trex/fhir": "latest",
        "@trex/hana": "latest",
        "@trex/migration": "latest",
        "@trex/pgwire": "latest",
        "@trex/tpm": "latest",
        "@trex/transform": "latest"
      }
    },
    "node_modules/@trex/ai": {
      "version": "0.5.0-1771422722-b2899dd5c9ea743dac39bc76bade230f85cf4c7f",
      "resolved": "https://pkgs.dev.azure.com/data2evidence/d2e/_packaging/d2e/npm/registry/@trex/ai/-/ai-0.5.0-1771422722-b2899dd5c9ea743dac39bc76bade230f85cf4c7f.tgz",
      "integrity": "sha1-SYyrTadsT2QFrBIK7EesDEEp93Q=",
      "license": "Apache-2.0"
    },
    "node_modules/@trex/as": {
      "version": "0.5.0-1771239348-50281f0cc70476b9e8324c1c45a19c47ba9c0636",
      "resolved": "https://pkgs.dev.azure.com/data2evidence/d2e/_packaging/d2e/npm/registry/@trex/as/-/as-0.5.0-1771239348-50281f0cc70476b9e8324c1c45a19c47ba9c0636.tgz",
      "integrity": "sha1-k07uL4zWSql2qTAvtYzHdRQGpCc=",
      "license": "Apache-2.0"
    },
    "node_modules/@trex/chdb": {
      "version": "0.5.0-1771422728-b2899dd5c9ea743dac39bc76bade230f85cf4c7f",
      "resolved": "https://pkgs.dev.azure.com/data2evidence/d2e/_packaging/d2e/npm/registry/@trex/chdb/-/chdb-0.5.0-1771422728-b2899dd5c9ea743dac39bc76bade230f85cf4c7f.tgz",
      "integrity": "sha1-19Nb7FP0BiwZEUiJeHGit7aR2SI=",
      "license": "Apache-2.0"
    },
    "node_modules/@trex/circe": {
      "version": "0.0.1-1771422711-b2899dd5c9ea743dac39bc76bade230f85cf4c7f",
      "resolved": "https://pkgs.dev.azure.com/data2evidence/d2e/_packaging/d2e/npm/registry/@trex/circe/-/circe-0.0.1-1771422711-b2899dd5c9ea743dac39bc76bade230f85cf4c7f.tgz",
      "integrity": "sha1-oM5YzrtT2Pvg6rQhebDqUdk6aok=",
      "license": "Apache-2.0"
    },
    "node_modules/@trex/cql2elm": {
      "version": "0.0.1-1771422718-b2899dd5c9ea743dac39bc76bade230f85cf4c7f",
      "resolved": "https://pkgs.dev.azure.com/data2evidence/d2e/_packaging/d2e/npm/registry/@trex/cql2elm/-/cql2elm-0.0.1-1771422718-b2899dd5c9ea743dac39bc76bade230f85cf4c7f.tgz",
      "integrity": "sha1-6I8ejsA0UZfwyZpheUVC566BYuI=",
      "license": "Apache-2.0"
    },
    "node_modules/@trex/db": {
      "version": "0.5.0-1771422712-b2899dd5c9ea743dac39bc76bade230f85cf4c7f",
      "resolved": "https://pkgs.dev.azure.com/data2evidence/d2e/_packaging/d2e/npm/registry/@trex/db/-/db-0.5.0-1771422712-b2899dd5c9ea743dac39bc76bade230f85cf4c7f.tgz",
      "integrity": "sha1-LjQjm1/dKaZZ/SRW9MSR4z8MD6A=",
      "license": "Apache-2.0"
    },
    "node_modules/@trex/etl": {
      "version": "0.5.0-1771422676-b2899dd5c9ea743dac39bc76bade230f85cf4c7f",
      "resolved": "https://pkgs.dev.azure.com/data2evidence/d2e/_packaging/d2e/npm/registry/@trex/etl/-/etl-0.5.0-1771422676-b2899dd5c9ea743dac39bc76bade230f85cf4c7f.tgz",
      "integrity": "sha1-dAi7eqXACFDX0/lgTI0V+qZQpbE=",
      "license": "Apache-2.0"
    },
    "node_modules/@trex/fhir": {
      "version": "0.1.0-1771422674-b2899dd5c9ea743dac39bc76bade230f85cf4c7f",
      "resolved": "https://pkgs.dev.azure.com/data2evidence/d2e/_packaging/d2e/npm/registry/@trex/fhir/-/fhir-0.1.0-1771422674-b2899dd5c9ea743dac39bc76bade230f85cf4c7f.tgz",
      "integrity": "sha1-O9JiriKBaTK+B1rxRIpFTr0y3OA=",
      "license": "Apache-2.0"
    },
    "node_modules/@trex/hana": {
      "version": "0.5.0-1771422735-b2899dd5c9ea743dac39bc76bade230f85cf4c7f",
      "resolved": "https://pkgs.dev.azure.com/data2evidence/d2e/_packaging/d2e/npm/registry/@trex/hana/-/hana-0.5.0-1771422735-b2899dd5c9ea743dac39bc76bade230f85cf4c7f.tgz",
      "integrity": "sha1-xuWBG0GVH9QzHnp+D3iSos29F+c=",
      "license": "Apache-2.0"
    },
    "node_modules/@trex/migration": {
      "version": "0.5.0-1771422673-b2899dd5c9ea743dac39bc76bade230f85cf4c7f",
      "resolved": "https://pkgs.dev.azure.com/data2evidence/d2e/_packaging/d2e/npm/registry/@trex/migration/-/migration-0.5.0-1771422673-b2899dd5c9ea743dac39bc76bade230f85cf4c7f.tgz",
      "integrity": "sha1-ZVknyD71Rz3f2gxy6xf06nB336s=",
      "license": "Apache-2.0"
    },
    "node_modules/@trex/pgwire": {
      "version": "0.5.0-1771422760-b2899dd5c9ea743dac39bc76bade230f85cf4c7f",
      "resolved": "https://pkgs.dev.azure.com/data2evidence/d2e/_packaging/d2e/npm/registry/@trex/pgwire/-/pgwire-0.5.0-1771422760-b2899dd5c9ea743dac39bc76bade230f85cf4c7f.tgz",
      "integrity": "sha1-ob9CTI2FF2HlyjxIf4ILDZyIyvc=",
      "license": "Apache-2.0"
    },
    "node_modules/@trex/tpm": {
      "version": "0.5.0-1771422709-b2899dd5c9ea743dac39bc76bade230f85cf4c7f",
      "resolved": "https://pkgs.dev.azure.com/data2evidence/d2e/_packaging/d2e/npm/registry/@trex/tpm/-/tpm-0.5.0-1771422709-b2899dd5c9ea743dac39bc76bade230f85cf4c7f.tgz",
      "integrity": "sha1-D0Q4TwhXn02pirJ6XyDSmr3B2Ic=",
      "license": "Apache-2.0"
    },
    "node_modules/@trex/transform": {
      "version": "0.1.0-1771422756-b2899dd5c9ea743dac39bc76bade230f85cf4c7f",
      "resolved": "https://pkgs.dev.azure.com/data2evidence/d2e/_packaging/d2e/npm/registry/@trex/transform/-/transform-0.1.0-1771422756-b2899dd5c9ea743dac39bc76bade230f85cf4c7f.tgz",
      "integrity": "sha1-8iZElXnWqkLpcIPJhgZQPDiIGvU="
    }
  }
}
