{
  "name": "@trexsql/ext",
  "version": "1.0.0",
  "lockfileVersion": 3,
  "requires": true,
  "packages": {
    "": {
      "name": "@trexsql/ext",
      "version": "1.0.0",
      "dependencies": {
        "@trex/as": "latest",
        "@trex/chdb": "latest",
        "@trex/circe": "latest",
        "@trex/db": "^0.5.0-1771220735-9f1f9517226141f0a07d90072c9e04da533bcca2",
        "@trex/etl": "latest",
        "@trex/flight": "latest",
        "@trex/hana": "latest",
        "@trex/migration": "latest",
        "@trex/pgwire": "latest",
        "@trex/tpm": "latest"
      }
    },
    "node_modules/@trex/as": {
      "version": "0.5.0-1771205984-390bedf036088fdcb25743b2827a81ef057d35f8",
      "resolved": "https://pkgs.dev.azure.com/data2evidence/d2e/_packaging/d2e/npm/registry/@trex/as/-/as-0.5.0-1771205984-390bedf036088fdcb25743b2827a81ef057d35f8.tgz",
      "integrity": "sha1-DaIR2PRd7i7l/sZPM3zTY/i1DBI=",
      "license": "Apache-2.0"
    },
    "node_modules/@trex/chdb": {
      "version": "0.5.0-1771220345-9f1f9517226141f0a07d90072c9e04da533bcca2",
      "resolved": "https://pkgs.dev.azure.com/data2evidence/d2e/_packaging/d2e/npm/registry/@trex/chdb/-/chdb-0.5.0-1771220345-9f1f9517226141f0a07d90072c9e04da533bcca2.tgz",
      "integrity": "sha1-hR2ijf859AzU7RGOaNTQHvPXbb4=",
      "license": "Apache-2.0"
    },
    "node_modules/@trex/circe": {
      "version": "0.0.1-1771215240-b18cbbfbcc401acb2903972a1e72a250a629a76d",
      "resolved": "https://pkgs.dev.azure.com/data2evidence/d2e/_packaging/d2e/npm/registry/@trex/circe/-/circe-0.0.1-1771215240-b18cbbfbcc401acb2903972a1e72a250a629a76d.tgz",
      "integrity": "sha1-vmnF5XaazUcH0QS9eHT6tyc5erA=",
      "license": "Apache-2.0"
    },
    "node_modules/@trex/db": {
      "version": "0.5.0-1771220735-9f1f9517226141f0a07d90072c9e04da533bcca2",
      "resolved": "https://pkgs.dev.azure.com/data2evidence/d2e/_packaging/d2e/npm/registry/@trex/db/-/db-0.5.0-1771220735-9f1f9517226141f0a07d90072c9e04da533bcca2.tgz",
      "integrity": "sha1-TI+Sowc2VGC1xr7DcQmdOLSITAE=",
      "license": "Apache-2.0"
    },
    "node_modules/@trex/etl": {
      "version": "0.5.0-1771215259-b18cbbfbcc401acb2903972a1e72a250a629a76d",
      "resolved": "https://pkgs.dev.azure.com/data2evidence/d2e/_packaging/d2e/npm/registry/@trex/etl/-/etl-0.5.0-1771215259-b18cbbfbcc401acb2903972a1e72a250a629a76d.tgz",
      "integrity": "sha1-b+VQ8GjGCCXgrnugf3MMRxQpKT0=",
      "license": "Apache-2.0"
    },
    "node_modules/@trex/flight": {
      "version": "0.5.0-1771116619-4739ea2ab7abeb202d8f857ceb8fe08c18dd7cbb",
      "resolved": "https://pkgs.dev.azure.com/data2evidence/d2e/_packaging/d2e/npm/registry/@trex/flight/-/flight-0.5.0-1771116619-4739ea2ab7abeb202d8f857ceb8fe08c18dd7cbb.tgz",
      "integrity": "sha1-am8jFezX50EQ3MU5Awmed2n3q1s=",
      "license": "Apache-2.0"
    },
    "node_modules/@trex/hana": {
      "version": "0.5.0-1771220495-9f1f9517226141f0a07d90072c9e04da533bcca2",
      "resolved": "https://pkgs.dev.azure.com/data2evidence/d2e/_packaging/d2e/npm/registry/@trex/hana/-/hana-0.5.0-1771220495-9f1f9517226141f0a07d90072c9e04da533bcca2.tgz",
      "integrity": "sha1-tZwks0C9ZpXJFyiGCGDxFbHhqW4=",
      "license": "Apache-2.0"
    },
    "node_modules/@trex/migration": {
      "version": "0.5.0-1771215176-b18cbbfbcc401acb2903972a1e72a250a629a76d",
      "resolved": "https://pkgs.dev.azure.com/data2evidence/d2e/_packaging/d2e/npm/registry/@trex/migration/-/migration-0.5.0-1771215176-b18cbbfbcc401acb2903972a1e72a250a629a76d.tgz",
      "integrity": "sha1-fomzR1x8QnGvrQevRuYl/nfspLE=",
      "license": "Apache-2.0"
    },
    "node_modules/@trex/pgwire": {
      "version": "0.5.0-1771215331-b18cbbfbcc401acb2903972a1e72a250a629a76d",
      "resolved": "https://pkgs.dev.azure.com/data2evidence/d2e/_packaging/d2e/npm/registry/@trex/pgwire/-/pgwire-0.5.0-1771215331-b18cbbfbcc401acb2903972a1e72a250a629a76d.tgz",
      "integrity": "sha1-867HL5e/xWgs14iufepSD/x5p24=",
      "license": "Apache-2.0"
    },
    "node_modules/@trex/tpm": {
      "version": "0.5.0-1771215115-b18cbbfbcc401acb2903972a1e72a250a629a76d",
      "resolved": "https://pkgs.dev.azure.com/data2evidence/d2e/_packaging/d2e/npm/registry/@trex/tpm/-/tpm-0.5.0-1771215115-b18cbbfbcc401acb2903972a1e72a250a629a76d.tgz",
      "integrity": "sha1-Fr5vOCgLuYgVWbQJElw9ghXuHjM=",
      "license": "Apache-2.0"
    }
  }
}
