{
  "name": "@trexsql/ext",
  "version": "1.0.0",
  "lockfileVersion": 3,
  "requires": true,
  "packages": {
    "": {
      "name": "@trexsql/ext",
      "version": "1.0.0",
      "dependencies": {
        "@trex/as": "latest",
        "@trex/chdb": "latest",
        "@trex/circe": "latest",
        "@trex/cql2elm": "latest",
        "@trex/db": "latest",
        "@trex/etl": "latest",
        "@trex/fhir": "latest",
        "@trex/hana": "latest",
        "@trex/migration": "latest",
        "@trex/pgwire": "latest",
        "@trex/tpm": "latest"
      }
    },
    "node_modules/@trex/as": {
      "version": "0.5.0-1771239348-50281f0cc70476b9e8324c1c45a19c47ba9c0636",
      "resolved": "https://pkgs.dev.azure.com/data2evidence/d2e/_packaging/d2e/npm/registry/@trex/as/-/as-0.5.0-1771239348-50281f0cc70476b9e8324c1c45a19c47ba9c0636.tgz",
      "integrity": "sha1-k07uL4zWSql2qTAvtYzHdRQGpCc=",
      "license": "Apache-2.0"
    },
    "node_modules/@trex/chdb": {
      "version": "0.5.0-1771246691-64b524bc042a6921bd99dc3f339230c2c0f9b2da",
      "resolved": "https://pkgs.dev.azure.com/data2evidence/d2e/_packaging/d2e/npm/registry/@trex/chdb/-/chdb-0.5.0-1771246691-64b524bc042a6921bd99dc3f339230c2c0f9b2da.tgz",
      "integrity": "sha1-l+M8Eoqq8tvkMJoXlH+GTvu8p8U=",
      "license": "Apache-2.0"
    },
    "node_modules/@trex/circe": {
      "version": "0.0.1-1771246699-64b524bc042a6921bd99dc3f339230c2c0f9b2da",
      "resolved": "https://pkgs.dev.azure.com/data2evidence/d2e/_packaging/d2e/npm/registry/@trex/circe/-/circe-0.0.1-1771246699-64b524bc042a6921bd99dc3f339230c2c0f9b2da.tgz",
      "integrity": "sha1-Y9YoUUB7hb8KG81OurmEhewdroc=",
      "license": "Apache-2.0"
    },
    "node_modules/@trex/cql2elm": {
      "version": "0.0.1-1771246709-64b524bc042a6921bd99dc3f339230c2c0f9b2da",
      "resolved": "https://pkgs.dev.azure.com/data2evidence/d2e/_packaging/d2e/npm/registry/@trex/cql2elm/-/cql2elm-0.0.1-1771246709-64b524bc042a6921bd99dc3f339230c2c0f9b2da.tgz",
      "integrity": "sha1-UVJAHEtc747aroIXOmmWZeVdpeA=",
      "license": "Apache-2.0"
    },
    "node_modules/@trex/db": {
      "version": "0.5.0-1771245042-6ce439186c33354aec7b97b022d9eb40fabddcac",
      "resolved": "https://pkgs.dev.azure.com/data2evidence/d2e/_packaging/d2e/npm/registry/@trex/db/-/db-0.5.0-1771245042-6ce439186c33354aec7b97b022d9eb40fabddcac.tgz",
      "integrity": "sha1-TWGdV3R5ydWVaqr2LSZETgNeNhQ=",
      "license": "Apache-2.0"
    },
    "node_modules/@trex/etl": {
      "version": "0.5.0-1771246663-64b524bc042a6921bd99dc3f339230c2c0f9b2da",
      "resolved": "https://pkgs.dev.azure.com/data2evidence/d2e/_packaging/d2e/npm/registry/@trex/etl/-/etl-0.5.0-1771246663-64b524bc042a6921bd99dc3f339230c2c0f9b2da.tgz",
      "integrity": "sha1-/3gCWpFNXOYuN3chaXHsSJoI+ko=",
      "license": "Apache-2.0"
    },
    "node_modules/@trex/fhir": {
      "version": "0.1.0-1771246685-64b524bc042a6921bd99dc3f339230c2c0f9b2da",
      "resolved": "https://pkgs.dev.azure.com/data2evidence/d2e/_packaging/d2e/npm/registry/@trex/fhir/-/fhir-0.1.0-1771246685-64b524bc042a6921bd99dc3f339230c2c0f9b2da.tgz",
      "integrity": "sha1-eOIEDU4d58Ql99Edrdu15um7XGE=",
      "license": "Apache-2.0"
    },
    "node_modules/@trex/hana": {
      "version": "0.5.0-1771246740-64b524bc042a6921bd99dc3f339230c2c0f9b2da",
      "resolved": "https://pkgs.dev.azure.com/data2evidence/d2e/_packaging/d2e/npm/registry/@trex/hana/-/hana-0.5.0-1771246740-64b524bc042a6921bd99dc3f339230c2c0f9b2da.tgz",
      "integrity": "sha1-t39NsHM+UIken22luQ4Od9pezyQ=",
      "license": "Apache-2.0"
    },
    "node_modules/@trex/migration": {
      "version": "0.5.0-1771246745-64b524bc042a6921bd99dc3f339230c2c0f9b2da",
      "resolved": "https://pkgs.dev.azure.com/data2evidence/d2e/_packaging/d2e/npm/registry/@trex/migration/-/migration-0.5.0-1771246745-64b524bc042a6921bd99dc3f339230c2c0f9b2da.tgz",
      "integrity": "sha1-aXjbA62eQqa1nEUWZlPRL+ptQQ4=",
      "license": "Apache-2.0"
    },
    "node_modules/@trex/pgwire": {
      "version": "0.5.0-1771246667-64b524bc042a6921bd99dc3f339230c2c0f9b2da",
      "resolved": "https://pkgs.dev.azure.com/data2evidence/d2e/_packaging/d2e/npm/registry/@trex/pgwire/-/pgwire-0.5.0-1771246667-64b524bc042a6921bd99dc3f339230c2c0f9b2da.tgz",
      "integrity": "sha1-rM9r6sHzHAOcp6xu4SNdYXNzC3I=",
      "license": "Apache-2.0"
    },
    "node_modules/@trex/tpm": {
      "version": "0.5.0-1771246753-64b524bc042a6921bd99dc3f339230c2c0f9b2da",
      "resolved": "https://pkgs.dev.azure.com/data2evidence/d2e/_packaging/d2e/npm/registry/@trex/tpm/-/tpm-0.5.0-1771246753-64b524bc042a6921bd99dc3f339230c2c0f9b2da.tgz",
      "integrity": "sha1-g/s2S73dC8wtXP8yE2abYVSMiC0=",
      "license": "Apache-2.0"
    }
  }
}
