{
  "name": "@trex/cli",
  "version": "0.5.0",
  "lockfileVersion": 3,
  "requires": true,
  "packages": {
    "": {
      "name": "@trex/cli",
      "version": "0.5.0",
      "license": "MIT",
      "dependencies": {
        "@trex/as": "^0.5.0-1761961659-fb8964b5010b36c17b4462ce4da13b143dc7dcaa",
        "@trex/circe": "^0.0.1-1761998601-4cd8b8f9084286a87944460ed2ea434a12095cb1",
        "@trex/hana": "^0.5.0-1761998602-4cd8b8f9084286a87944460ed2ea434a12095cb1",
        "@trex/pgwire": "^0.5.0-1761998604-4cd8b8f9084286a87944460ed2ea434a12095cb1",
        "@trex/tpm": "^0.5.0-1761998603-4cd8b8f9084286a87944460ed2ea434a12095cb1"
      },
      "bin": {
        "tbuild": "bin/tbuild",
        "trex": "bin/trex"
      }
    },
    "node_modules/@trex/as": {
      "version": "0.5.0-1766402841-ad999b4edc0bbd877c431033d1bacbc46e298f4b",
      "resolved": "https://pkgs.dev.azure.com/data2evidence/d2e/_packaging/d2e/npm/registry/@trex/as/-/as-0.5.0-1766402841-ad999b4edc0bbd877c431033d1bacbc46e298f4b.tgz",
      "integrity": "sha1-exj0QjoV7Wf6eg4ZLeJ5IoBj+ZM=",
      "license": "Apache-2.0"
    },
    "node_modules/@trex/circe": {
      "version": "0.0.1-1766402820-552d21e6df096e392693fd8c76e98ae55aa23551",
      "resolved": "https://pkgs.dev.azure.com/data2evidence/d2e/_packaging/d2e/npm/registry/@trex/circe/-/circe-0.0.1-1766402820-552d21e6df096e392693fd8c76e98ae55aa23551.tgz",
      "integrity": "sha1-681sfdiiR60y+kBGasz4syzlDnA=",
      "license": "Apache-2.0"
    },
    "node_modules/@trex/hana": {
      "version": "0.5.0-1766402825-552d21e6df096e392693fd8c76e98ae55aa23551",
      "resolved": "https://pkgs.dev.azure.com/data2evidence/d2e/_packaging/d2e/npm/registry/@trex/hana/-/hana-0.5.0-1766402825-552d21e6df096e392693fd8c76e98ae55aa23551.tgz",
      "integrity": "sha1-0OeGu1Fr1IZCjecUQ3vt6tFGXrM=",
      "license": "Apache-2.0"
    },
    "node_modules/@trex/pgwire": {
      "version": "0.5.0-1766402826-552d21e6df096e392693fd8c76e98ae55aa23551",
      "resolved": "https://pkgs.dev.azure.com/data2evidence/d2e/_packaging/d2e/npm/registry/@trex/pgwire/-/pgwire-0.5.0-1766402826-552d21e6df096e392693fd8c76e98ae55aa23551.tgz",
      "integrity": "sha1-RPMcIaB4qpesAnACrah8GOFOZFA=",
      "license": "Apache-2.0"
    },
    "node_modules/@trex/tpm": {
      "version": "0.5.0-1766402824-552d21e6df096e392693fd8c76e98ae55aa23551",
      "resolved": "https://pkgs.dev.azure.com/data2evidence/d2e/_packaging/d2e/npm/registry/@trex/tpm/-/tpm-0.5.0-1766402824-552d21e6df096e392693fd8c76e98ae55aa23551.tgz",
      "integrity": "sha1-2Gst9QdAv77PXtLnI2ozzUgsW5k=",
      "license": "Apache-2.0"
    }
  }
}
